
Microsoft Visual Studio Solution File, Format Version 11.00
# Visual Studio 2010
Project("{FAE04EC0-301F-11D3-BF4B-00C04F79EFBC}") = "Simple.Web", "Simple.Web\Simple.Web.csproj", "{903C289D-4CAE-4259-80DA-79D74CE06DCE}"
EndProject
Project("{FAE04EC0-301F-11D3-BF4B-00C04F79EFBC}") = "Sandbox", "Sandbox\Sandbox.csproj", "{8A70C5E5-ADB6-4E91-BD8C-D47532D1A358}"
EndProject
Global
	GlobalSection(SolutionConfigurationPlatforms) = preSolution
		Debug|Any CPU = Debug|Any CPU
		Release|Any CPU = Release|Any CPU
	EndGlobalSection
	GlobalSection(ProjectConfigurationPlatforms) = postSolution
		{903C289D-4CAE-4259-80DA-79D74CE06DCE}.Debug|Any CPU.ActiveCfg = Debug|Any CPU
		{903C289D-4CAE-4259-80DA-79D74CE06DCE}.Debug|Any CPU.Build.0 = Debug|Any CPU
		{903C289D-4CAE-4259-80DA-79D74CE06DCE}.Release|Any CPU.ActiveCfg = Release|Any CPU
		{903C289D-4CAE-4259-80DA-79D74CE06DCE}.Release|Any CPU.Build.0 = Release|Any CPU
		{8A70C5E5-ADB6-4E91-BD8C-D47532D1A358}.Debug|Any CPU.ActiveCfg = Debug|Any CPU
		{8A70C5E5-ADB6-4E91-BD8C-D47532D1A358}.Debug|Any CPU.Build.0 = Debug|Any CPU
		{8A70C5E5-ADB6-4E91-BD8C-D47532D1A358}.Release|Any CPU.ActiveCfg = Release|Any CPU
		{8A70C5E5-ADB6-4E91-BD8C-D47532D1A358}.Release|Any CPU.Build.0 = Release|Any CPU
	EndGlobalSection
	GlobalSection(SolutionProperties) = preSolution
		HideSolutionNode = FALSE
	EndGlobalSection
EndGlobal
