
Microsoft Visual Studio Solution File, Format Version 12.00
# Visual Studio 2012
Project("{2150E333-8FDC-42A3-9474-1A3956D46DE8}") = "Tests", "Tests", "{71E6E108-5645-45D1-B128-E6225253924D}"
EndProject
Project("{FAE04EC0-301F-11D3-BF4B-00C04F79EFBC}") = "Simple.Web", "Simple.Web\Simple.Web.csproj", "{903C289D-4CAE-4259-80DA-79D74CE06DCE}"
EndProject
Project("{FAE04EC0-301F-11D3-BF4B-00C04F79EFBC}") = "Simple.Web.Tests", "Simple.Web.Tests\Simple.Web.Tests.csproj", "{29FBE3C3-4CB4-4625-8AA7-C748E1F0D2BA}"
EndProject
Project("{FAE04EC0-301F-11D3-BF4B-00C04F79EFBC}") = "Simple.Web.JsonFx", "Simple.Web.JsonFx\Simple.Web.JsonFx.csproj", "{A1E30AC1-2765-4E4F-8155-682A64D8B204}"
EndProject
Project("{FAE04EC0-301F-11D3-BF4B-00C04F79EFBC}") = "Simple.Web.Razor", "Simple.Web.Razor\Simple.Web.Razor.csproj", "{A226D857-22FD-4C10-8596-EB7821C59255}"
EndProject
Project("{FAE04EC0-301F-11D3-BF4B-00C04F79EFBC}") = "Simple.Web.Razor.Tests", "Simple.Web.Razor.Tests\Simple.Web.Razor.Tests.csproj", "{FD018C10-D36C-4C40-8403-07D1F0CCA328}"
EndProject
Project("{FAE04EC0-301F-11D3-BF4B-00C04F79EFBC}") = "Simple.Web.Ninject", "Simple.Web.Ninject\Simple.Web.Ninject.csproj", "{1B541AA1-44B4-4241-979C-BB6CB5897B56}"
EndProject
Project("{FAE04EC0-301F-11D3-BF4B-00C04F79EFBC}") = "Simple.Web.Ninject.Tests", "Simple.Web.Ninject.Tests\Simple.Web.Ninject.Tests.csproj", "{428EAAAC-67EB-4385-A134-20E7D41CC3BE}"
EndProject
Project("{FAE04EC0-301F-11D3-BF4B-00C04F79EFBC}") = "Simple.Web.CodeGeneration.Tests", "Simple.Web.CodeGeneration.Tests\Simple.Web.CodeGeneration.Tests.csproj", "{BC652FC8-4F9B-4E6F-86CE-1196D8D37B09}"
EndProject
Project("{FAE04EC0-301F-11D3-BF4B-00C04F79EFBC}") = "Simple.Web.Mocks", "Simple.Web.Mocks\Simple.Web.Mocks.csproj", "{D50161E6-44C7-4527-825F-9EC3755ED2BD}"
EndProject
Project("{FAE04EC0-301F-11D3-BF4B-00C04F79EFBC}") = "Simple.Web.AspNet", "Simple.Web.AspNet\Simple.Web.AspNet.csproj", "{266D3482-C95C-4B2F-B7EA-F08F849084D3}"
EndProject
Project("{FAE04EC0-301F-11D3-BF4B-00C04F79EFBC}") = "Simple.Web.ContentTypeHandling.Tests", "Simple.Web.ContentTypeHandling.Tests\Simple.Web.ContentTypeHandling.Tests.csproj", "{730BBC21-8495-4825-988B-FCF4D2AE5742}"
EndProject
Project("{FAE04EC0-301F-11D3-BF4B-00C04F79EFBC}") = "Simple.Web.Xml", "Simple.Web.Xml\Simple.Web.Xml.csproj", "{432A3064-7F99-4822-A896-18C7A2014FBA}"
EndProject
Project("{FAE04EC0-301F-11D3-BF4B-00C04F79EFBC}") = "Simple.Web.JsonFx.Tests", "Simple.Web.JsonFx.Tests\Simple.Web.JsonFx.Tests.csproj", "{81F43A2B-238C-43D1-9D11-621DDD1A7817}"
EndProject
Project("{FAE04EC0-301F-11D3-BF4B-00C04F79EFBC}") = "Simple.Web.TestHelpers", "Simple.Web.TestHelpers\Simple.Web.TestHelpers.csproj", "{2C65A993-1EB6-4971-A1EE-B0FCF31AF525}"
EndProject
Project("{FAE04EC0-301F-11D3-BF4B-00C04F79EFBC}") = "Simple.Web.Xml.Tests", "Simple.Web.Xml.Tests\Simple.Web.Xml.Tests.csproj", "{76ABB71F-3E80-4F1B-850E-6F264881AD39}"
EndProject
Project("{FAE04EC0-301F-11D3-BF4B-00C04F79EFBC}") = "Simple.Web.StructureMap", "Simple.Web.StructureMap\Simple.Web.StructureMap.csproj", "{76516C56-D010-403B-8429-D8DC88017600}"
EndProject
Project("{FAE04EC0-301F-11D3-BF4B-00C04F79EFBC}") = "Simple.Web.StructureMap.Tests", "Simple.Web.StructureMap.Tests\Simple.Web.StructureMap.Tests.csproj", "{4F722EA0-3DA3-4587-B100-2BE8DA6DBA82}"
EndProject
Project("{FAE04EC0-301F-11D3-BF4B-00C04F79EFBC}") = "Sandbox", "Sandbox\Sandbox.csproj", "{8A70C5E5-ADB6-4E91-BD8C-D47532D1A358}"
EndProject
Project("{2150E333-8FDC-42A3-9474-1A3956D46DE8}") = "Samples", "Samples", "{B905E6D5-9624-4052-9DC7-FABDC58EA5D1}"
EndProject
Project("{FAE04EC0-301F-11D3-BF4B-00C04F79EFBC}") = "Simple.Web.Autofac.Tests", "Simple.Web.Autofac.Tests\Simple.Web.Autofac.Tests.csproj", "{3DDC2707-455A-46F6-850F-4922C10D6C70}"
EndProject
Project("{FAE04EC0-301F-11D3-BF4B-00C04F79EFBC}") = "Simple.Web.Autofac", "Simple.Web.Autofac\Simple.Web.Autofac.csproj", "{84CABB17-41DA-4A6F-B026-788BEC77D28D}"
EndProject
Project("{FAE04EC0-301F-11D3-BF4B-00C04F79EFBC}") = "Simple.Web.Routing.Tests", "Simple.Web.Routing.Tests\Simple.Web.Routing.Tests.csproj", "{98C77473-2239-4387-AE6C-A86333E00127}"
EndProject
Project("{FAE04EC0-301F-11D3-BF4B-00C04F79EFBC}") = "Simple.Web.HalJson", "Simple.Web.HalJson\Simple.Web.HalJson.csproj", "{B25E0D92-9C93-4C3F-9527-26285B9D9FFF}"
EndProject
Project("{FAE04EC0-301F-11D3-BF4B-00C04F79EFBC}") = "Simple.Web.JsonNet", "Simple.Web.JsonNet\Simple.Web.JsonNet.csproj", "{6DCE0964-3BF0-4185-AC6E-1F8B97908601}"
EndProject
Project("{FAE04EC0-301F-11D3-BF4B-00C04F79EFBC}") = "Simple.Web.JsonNet.Tests", "Simple.Web.JsonNet.Tests\Simple.Web.JsonNet.Tests.csproj", "{10C175C4-B495-4A2F-96C1-4B4B0F9181BB}"
EndProject
Project("{2150E333-8FDC-42A3-9474-1A3956D46DE8}") = "Build", "Build", "{2EA3D337-D73D-4470-85E2-9AD037F202D6}"
	ProjectSection(SolutionItems) = preProject
		CommonAssemblyInfo.cs = CommonAssemblyInfo.cs
		..\VERSION.txt = ..\VERSION.txt
	EndProjectSection
EndProject
Project("{2150E333-8FDC-42A3-9474-1A3956D46DE8}") = "NuSpec", "NuSpec", "{85A04371-B382-4DCE-A173-7BEF7960BD19}"
	ProjectSection(SolutionItems) = preProject
		..\packaging\nuspec\Simple.Web.AspNet.nuspec = ..\packaging\nuspec\Simple.Web.AspNet.nuspec
		..\packaging\nuspec\Simple.Web.Autofac.nuspec = ..\packaging\nuspec\Simple.Web.Autofac.nuspec
		..\packaging\nuspec\Simple.Web.JsonFx.nuspec = ..\packaging\nuspec\Simple.Web.JsonFx.nuspec
		..\packaging\nuspec\Simple.Web.JsonNet.nuspec = ..\packaging\nuspec\Simple.Web.JsonNet.nuspec
		..\packaging\nuspec\Simple.Web.Ninject.nuspec = ..\packaging\nuspec\Simple.Web.Ninject.nuspec
		..\packaging\nuspec\Simple.Web.nuspec = ..\packaging\nuspec\Simple.Web.nuspec
		..\packaging\nuspec\Simple.Web.Razor.nuspec = ..\packaging\nuspec\Simple.Web.Razor.nuspec
		..\packaging\nuspec\Simple.Web.StructureMap.nuspec = ..\packaging\nuspec\Simple.Web.StructureMap.nuspec
		..\packaging\nuspec\Simple.Web.Xml.nuspec = ..\packaging\nuspec\Simple.Web.Xml.nuspec
	EndProjectSection
EndProject
Project("{2150E333-8FDC-42A3-9474-1A3956D46DE8}") = ".nuget", ".nuget", "{7DD7CF02-CB61-4B79-AD02-8258D97D1B96}"
	ProjectSection(SolutionItems) = preProject
		.nuget\NuGet.Config = .nuget\NuGet.Config
		.nuget\NuGet.exe = .nuget\NuGet.exe
		.nuget\NuGet.targets = .nuget\NuGet.targets
	EndProjectSection
EndProject
Project("{2150E333-8FDC-42A3-9474-1A3956D46DE8}") = "Performance", "Performance", "{27DBE0D3-F97E-4D76-8F93-B8F030F69A4C}"
EndProject
Project("{FAE04EC0-301F-11D3-BF4B-00C04F79EFBC}") = "Benchmark", "Performance\Benchmark\Benchmark.csproj", "{152D7995-8CE2-4EDB-BD22-5349D07F63D8}"
EndProject
Project("{FAE04EC0-301F-11D3-BF4B-00C04F79EFBC}") = "OwinWebHost", "OwinWebHost\OwinWebHost.csproj", "{EBA606EB-A137-4463-8433-BDA5E1B82B2F}"
EndProject
Project("{FAE04EC0-301F-11D3-BF4B-00C04F79EFBC}") = "OwinConsoleHost", "OwinConsoleHost\OwinConsoleHost.csproj", "{93B51907-FFFF-4393-8C76-B17DE2D70B80}"
EndProject
Project("{FAE04EC0-301F-11D3-BF4B-00C04F79EFBC}") = "Simple.Web.Hosting.Self", "Simple.Web.Hosting.Self\Simple.Web.Hosting.Self.csproj", "{F8F9D724-FA0D-4A25-A656-F99AE7C3D6EA}"
EndProject
Project("{FAE04EC0-301F-11D3-BF4B-00C04F79EFBC}") = "OwinLibraryHost", "OwinLibraryHost\OwinLibraryHost.csproj", "{D772AAFB-A54B-44D5-86B1-D7D78E83B341}"
EndProject
Global
	GlobalSection(SolutionConfigurationPlatforms) = preSolution
		Debug|Any CPU = Debug|Any CPU
		Debug|Mixed Platforms = Debug|Mixed Platforms
		Debug|x86 = Debug|x86
		Release|Any CPU = Release|Any CPU
		Release|Mixed Platforms = Release|Mixed Platforms
		Release|x86 = Release|x86
	EndGlobalSection
	GlobalSection(ProjectConfigurationPlatforms) = postSolution
		{903C289D-4CAE-4259-80DA-79D74CE06DCE}.Debug|Any CPU.ActiveCfg = Debug|Any CPU
		{903C289D-4CAE-4259-80DA-79D74CE06DCE}.Debug|Any CPU.Build.0 = Debug|Any CPU
		{903C289D-4CAE-4259-80DA-79D74CE06DCE}.Debug|Mixed Platforms.ActiveCfg = Debug|Any CPU
		{903C289D-4CAE-4259-80DA-79D74CE06DCE}.Debug|Mixed Platforms.Build.0 = Debug|Any CPU
		{903C289D-4CAE-4259-80DA-79D74CE06DCE}.Debug|x86.ActiveCfg = Debug|Any CPU
		{903C289D-4CAE-4259-80DA-79D74CE06DCE}.Release|Any CPU.ActiveCfg = Release|Any CPU
		{903C289D-4CAE-4259-80DA-79D74CE06DCE}.Release|Any CPU.Build.0 = Release|Any CPU
		{903C289D-4CAE-4259-80DA-79D74CE06DCE}.Release|Mixed Platforms.ActiveCfg = Release|Any CPU
		{903C289D-4CAE-4259-80DA-79D74CE06DCE}.Release|Mixed Platforms.Build.0 = Release|Any CPU
		{903C289D-4CAE-4259-80DA-79D74CE06DCE}.Release|x86.ActiveCfg = Release|Any CPU
		{29FBE3C3-4CB4-4625-8AA7-C748E1F0D2BA}.Debug|Any CPU.ActiveCfg = Debug|Any CPU
		{29FBE3C3-4CB4-4625-8AA7-C748E1F0D2BA}.Debug|Any CPU.Build.0 = Debug|Any CPU
		{29FBE3C3-4CB4-4625-8AA7-C748E1F0D2BA}.Debug|Mixed Platforms.ActiveCfg = Debug|Any CPU
		{29FBE3C3-4CB4-4625-8AA7-C748E1F0D2BA}.Debug|Mixed Platforms.Build.0 = Debug|Any CPU
		{29FBE3C3-4CB4-4625-8AA7-C748E1F0D2BA}.Debug|x86.ActiveCfg = Debug|Any CPU
		{29FBE3C3-4CB4-4625-8AA7-C748E1F0D2BA}.Release|Any CPU.ActiveCfg = Release|Any CPU
		{29FBE3C3-4CB4-4625-8AA7-C748E1F0D2BA}.Release|Any CPU.Build.0 = Release|Any CPU
		{29FBE3C3-4CB4-4625-8AA7-C748E1F0D2BA}.Release|Mixed Platforms.ActiveCfg = Release|Any CPU
		{29FBE3C3-4CB4-4625-8AA7-C748E1F0D2BA}.Release|Mixed Platforms.Build.0 = Release|Any CPU
		{29FBE3C3-4CB4-4625-8AA7-C748E1F0D2BA}.Release|x86.ActiveCfg = Release|Any CPU
		{A1E30AC1-2765-4E4F-8155-682A64D8B204}.Debug|Any CPU.ActiveCfg = Debug|Any CPU
		{A1E30AC1-2765-4E4F-8155-682A64D8B204}.Debug|Any CPU.Build.0 = Debug|Any CPU
		{A1E30AC1-2765-4E4F-8155-682A64D8B204}.Debug|Mixed Platforms.ActiveCfg = Debug|Any CPU
		{A1E30AC1-2765-4E4F-8155-682A64D8B204}.Debug|Mixed Platforms.Build.0 = Debug|Any CPU
		{A1E30AC1-2765-4E4F-8155-682A64D8B204}.Debug|x86.ActiveCfg = Debug|Any CPU
		{A1E30AC1-2765-4E4F-8155-682A64D8B204}.Release|Any CPU.ActiveCfg = Release|Any CPU
		{A1E30AC1-2765-4E4F-8155-682A64D8B204}.Release|Any CPU.Build.0 = Release|Any CPU
		{A1E30AC1-2765-4E4F-8155-682A64D8B204}.Release|Mixed Platforms.ActiveCfg = Release|Any CPU
		{A1E30AC1-2765-4E4F-8155-682A64D8B204}.Release|Mixed Platforms.Build.0 = Release|Any CPU
		{A1E30AC1-2765-4E4F-8155-682A64D8B204}.Release|x86.ActiveCfg = Release|Any CPU
		{A226D857-22FD-4C10-8596-EB7821C59255}.Debug|Any CPU.ActiveCfg = Debug|Any CPU
		{A226D857-22FD-4C10-8596-EB7821C59255}.Debug|Any CPU.Build.0 = Debug|Any CPU
		{A226D857-22FD-4C10-8596-EB7821C59255}.Debug|Mixed Platforms.ActiveCfg = Debug|Any CPU
		{A226D857-22FD-4C10-8596-EB7821C59255}.Debug|Mixed Platforms.Build.0 = Debug|Any CPU
		{A226D857-22FD-4C10-8596-EB7821C59255}.Debug|x86.ActiveCfg = Debug|Any CPU
		{A226D857-22FD-4C10-8596-EB7821C59255}.Release|Any CPU.ActiveCfg = Release|Any CPU
		{A226D857-22FD-4C10-8596-EB7821C59255}.Release|Any CPU.Build.0 = Release|Any CPU
		{A226D857-22FD-4C10-8596-EB7821C59255}.Release|Mixed Platforms.ActiveCfg = Release|Any CPU
		{A226D857-22FD-4C10-8596-EB7821C59255}.Release|Mixed Platforms.Build.0 = Release|Any CPU
		{A226D857-22FD-4C10-8596-EB7821C59255}.Release|x86.ActiveCfg = Release|Any CPU
		{FD018C10-D36C-4C40-8403-07D1F0CCA328}.Debug|Any CPU.ActiveCfg = Debug|Any CPU
		{FD018C10-D36C-4C40-8403-07D1F0CCA328}.Debug|Any CPU.Build.0 = Debug|Any CPU
		{FD018C10-D36C-4C40-8403-07D1F0CCA328}.Debug|Mixed Platforms.ActiveCfg = Debug|Any CPU
		{FD018C10-D36C-4C40-8403-07D1F0CCA328}.Debug|Mixed Platforms.Build.0 = Debug|Any CPU
		{FD018C10-D36C-4C40-8403-07D1F0CCA328}.Debug|x86.ActiveCfg = Debug|Any CPU
		{FD018C10-D36C-4C40-8403-07D1F0CCA328}.Release|Any CPU.ActiveCfg = Release|Any CPU
		{FD018C10-D36C-4C40-8403-07D1F0CCA328}.Release|Any CPU.Build.0 = Release|Any CPU
		{FD018C10-D36C-4C40-8403-07D1F0CCA328}.Release|Mixed Platforms.ActiveCfg = Release|Any CPU
		{FD018C10-D36C-4C40-8403-07D1F0CCA328}.Release|Mixed Platforms.Build.0 = Release|Any CPU
		{FD018C10-D36C-4C40-8403-07D1F0CCA328}.Release|x86.ActiveCfg = Release|Any CPU
		{1B541AA1-44B4-4241-979C-BB6CB5897B56}.Debug|Any CPU.ActiveCfg = Debug|Any CPU
		{1B541AA1-44B4-4241-979C-BB6CB5897B56}.Debug|Any CPU.Build.0 = Debug|Any CPU
		{1B541AA1-44B4-4241-979C-BB6CB5897B56}.Debug|Mixed Platforms.ActiveCfg = Debug|Any CPU
		{1B541AA1-44B4-4241-979C-BB6CB5897B56}.Debug|Mixed Platforms.Build.0 = Debug|Any CPU
		{1B541AA1-44B4-4241-979C-BB6CB5897B56}.Debug|x86.ActiveCfg = Debug|Any CPU
		{1B541AA1-44B4-4241-979C-BB6CB5897B56}.Release|Any CPU.ActiveCfg = Release|Any CPU
		{1B541AA1-44B4-4241-979C-BB6CB5897B56}.Release|Any CPU.Build.0 = Release|Any CPU
		{1B541AA1-44B4-4241-979C-BB6CB5897B56}.Release|Mixed Platforms.ActiveCfg = Release|Any CPU
		{1B541AA1-44B4-4241-979C-BB6CB5897B56}.Release|Mixed Platforms.Build.0 = Release|Any CPU
		{1B541AA1-44B4-4241-979C-BB6CB5897B56}.Release|x86.ActiveCfg = Release|Any CPU
		{428EAAAC-67EB-4385-A134-20E7D41CC3BE}.Debug|Any CPU.ActiveCfg = Debug|Any CPU
		{428EAAAC-67EB-4385-A134-20E7D41CC3BE}.Debug|Any CPU.Build.0 = Debug|Any CPU
		{428EAAAC-67EB-4385-A134-20E7D41CC3BE}.Debug|Mixed Platforms.ActiveCfg = Debug|Any CPU
		{428EAAAC-67EB-4385-A134-20E7D41CC3BE}.Debug|Mixed Platforms.Build.0 = Debug|Any CPU
		{428EAAAC-67EB-4385-A134-20E7D41CC3BE}.Debug|x86.ActiveCfg = Debug|Any CPU
		{428EAAAC-67EB-4385-A134-20E7D41CC3BE}.Release|Any CPU.ActiveCfg = Release|Any CPU
		{428EAAAC-67EB-4385-A134-20E7D41CC3BE}.Release|Any CPU.Build.0 = Release|Any CPU
		{428EAAAC-67EB-4385-A134-20E7D41CC3BE}.Release|Mixed Platforms.ActiveCfg = Release|Any CPU
		{428EAAAC-67EB-4385-A134-20E7D41CC3BE}.Release|Mixed Platforms.Build.0 = Release|Any CPU
		{428EAAAC-67EB-4385-A134-20E7D41CC3BE}.Release|x86.ActiveCfg = Release|Any CPU
		{BC652FC8-4F9B-4E6F-86CE-1196D8D37B09}.Debug|Any CPU.ActiveCfg = Debug|Any CPU
		{BC652FC8-4F9B-4E6F-86CE-1196D8D37B09}.Debug|Any CPU.Build.0 = Debug|Any CPU
		{BC652FC8-4F9B-4E6F-86CE-1196D8D37B09}.Debug|Mixed Platforms.ActiveCfg = Debug|Any CPU
		{BC652FC8-4F9B-4E6F-86CE-1196D8D37B09}.Debug|Mixed Platforms.Build.0 = Debug|Any CPU
		{BC652FC8-4F9B-4E6F-86CE-1196D8D37B09}.Debug|x86.ActiveCfg = Debug|Any CPU
		{BC652FC8-4F9B-4E6F-86CE-1196D8D37B09}.Release|Any CPU.ActiveCfg = Release|Any CPU
		{BC652FC8-4F9B-4E6F-86CE-1196D8D37B09}.Release|Any CPU.Build.0 = Release|Any CPU
		{BC652FC8-4F9B-4E6F-86CE-1196D8D37B09}.Release|Mixed Platforms.ActiveCfg = Release|Any CPU
		{BC652FC8-4F9B-4E6F-86CE-1196D8D37B09}.Release|Mixed Platforms.Build.0 = Release|Any CPU
		{BC652FC8-4F9B-4E6F-86CE-1196D8D37B09}.Release|x86.ActiveCfg = Release|Any CPU
		{D50161E6-44C7-4527-825F-9EC3755ED2BD}.Debug|Any CPU.ActiveCfg = Debug|Any CPU
		{D50161E6-44C7-4527-825F-9EC3755ED2BD}.Debug|Any CPU.Build.0 = Debug|Any CPU
		{D50161E6-44C7-4527-825F-9EC3755ED2BD}.Debug|Mixed Platforms.ActiveCfg = Debug|Any CPU
		{D50161E6-44C7-4527-825F-9EC3755ED2BD}.Debug|Mixed Platforms.Build.0 = Debug|Any CPU
		{D50161E6-44C7-4527-825F-9EC3755ED2BD}.Debug|x86.ActiveCfg = Debug|Any CPU
		{D50161E6-44C7-4527-825F-9EC3755ED2BD}.Release|Any CPU.ActiveCfg = Release|Any CPU
		{D50161E6-44C7-4527-825F-9EC3755ED2BD}.Release|Any CPU.Build.0 = Release|Any CPU
		{D50161E6-44C7-4527-825F-9EC3755ED2BD}.Release|Mixed Platforms.ActiveCfg = Release|Any CPU
		{D50161E6-44C7-4527-825F-9EC3755ED2BD}.Release|Mixed Platforms.Build.0 = Release|Any CPU
		{D50161E6-44C7-4527-825F-9EC3755ED2BD}.Release|x86.ActiveCfg = Release|Any CPU
		{266D3482-C95C-4B2F-B7EA-F08F849084D3}.Debug|Any CPU.ActiveCfg = Debug|Any CPU
		{266D3482-C95C-4B2F-B7EA-F08F849084D3}.Debug|Any CPU.Build.0 = Debug|Any CPU
		{266D3482-C95C-4B2F-B7EA-F08F849084D3}.Debug|Mixed Platforms.ActiveCfg = Debug|Any CPU
		{266D3482-C95C-4B2F-B7EA-F08F849084D3}.Debug|Mixed Platforms.Build.0 = Debug|Any CPU
		{266D3482-C95C-4B2F-B7EA-F08F849084D3}.Debug|x86.ActiveCfg = Debug|Any CPU
		{266D3482-C95C-4B2F-B7EA-F08F849084D3}.Release|Any CPU.ActiveCfg = Release|Any CPU
		{266D3482-C95C-4B2F-B7EA-F08F849084D3}.Release|Any CPU.Build.0 = Release|Any CPU
		{266D3482-C95C-4B2F-B7EA-F08F849084D3}.Release|Mixed Platforms.ActiveCfg = Release|Any CPU
		{266D3482-C95C-4B2F-B7EA-F08F849084D3}.Release|Mixed Platforms.Build.0 = Release|Any CPU
		{266D3482-C95C-4B2F-B7EA-F08F849084D3}.Release|x86.ActiveCfg = Release|Any CPU
		{730BBC21-8495-4825-988B-FCF4D2AE5742}.Debug|Any CPU.ActiveCfg = Debug|Any CPU
		{730BBC21-8495-4825-988B-FCF4D2AE5742}.Debug|Any CPU.Build.0 = Debug|Any CPU
		{730BBC21-8495-4825-988B-FCF4D2AE5742}.Debug|Mixed Platforms.ActiveCfg = Debug|Any CPU
		{730BBC21-8495-4825-988B-FCF4D2AE5742}.Debug|Mixed Platforms.Build.0 = Debug|Any CPU
		{730BBC21-8495-4825-988B-FCF4D2AE5742}.Debug|x86.ActiveCfg = Debug|Any CPU
		{730BBC21-8495-4825-988B-FCF4D2AE5742}.Release|Any CPU.ActiveCfg = Release|Any CPU
		{730BBC21-8495-4825-988B-FCF4D2AE5742}.Release|Any CPU.Build.0 = Release|Any CPU
		{730BBC21-8495-4825-988B-FCF4D2AE5742}.Release|Mixed Platforms.ActiveCfg = Release|Any CPU
		{730BBC21-8495-4825-988B-FCF4D2AE5742}.Release|Mixed Platforms.Build.0 = Release|Any CPU
		{730BBC21-8495-4825-988B-FCF4D2AE5742}.Release|x86.ActiveCfg = Release|Any CPU
		{432A3064-7F99-4822-A896-18C7A2014FBA}.Debug|Any CPU.ActiveCfg = Debug|Any CPU
		{432A3064-7F99-4822-A896-18C7A2014FBA}.Debug|Any CPU.Build.0 = Debug|Any CPU
		{432A3064-7F99-4822-A896-18C7A2014FBA}.Debug|Mixed Platforms.ActiveCfg = Debug|Any CPU
		{432A3064-7F99-4822-A896-18C7A2014FBA}.Debug|Mixed Platforms.Build.0 = Debug|Any CPU
		{432A3064-7F99-4822-A896-18C7A2014FBA}.Debug|x86.ActiveCfg = Debug|Any CPU
		{432A3064-7F99-4822-A896-18C7A2014FBA}.Release|Any CPU.ActiveCfg = Release|Any CPU
		{432A3064-7F99-4822-A896-18C7A2014FBA}.Release|Any CPU.Build.0 = Release|Any CPU
		{432A3064-7F99-4822-A896-18C7A2014FBA}.Release|Mixed Platforms.ActiveCfg = Release|Any CPU
		{432A3064-7F99-4822-A896-18C7A2014FBA}.Release|Mixed Platforms.Build.0 = Release|Any CPU
		{432A3064-7F99-4822-A896-18C7A2014FBA}.Release|x86.ActiveCfg = Release|Any CPU
		{81F43A2B-238C-43D1-9D11-621DDD1A7817}.Debug|Any CPU.ActiveCfg = Debug|Any CPU
		{81F43A2B-238C-43D1-9D11-621DDD1A7817}.Debug|Any CPU.Build.0 = Debug|Any CPU
		{81F43A2B-238C-43D1-9D11-621DDD1A7817}.Debug|Mixed Platforms.ActiveCfg = Debug|Any CPU
		{81F43A2B-238C-43D1-9D11-621DDD1A7817}.Debug|Mixed Platforms.Build.0 = Debug|Any CPU
		{81F43A2B-238C-43D1-9D11-621DDD1A7817}.Debug|x86.ActiveCfg = Debug|Any CPU
		{81F43A2B-238C-43D1-9D11-621DDD1A7817}.Release|Any CPU.ActiveCfg = Release|Any CPU
		{81F43A2B-238C-43D1-9D11-621DDD1A7817}.Release|Any CPU.Build.0 = Release|Any CPU
		{81F43A2B-238C-43D1-9D11-621DDD1A7817}.Release|Mixed Platforms.ActiveCfg = Release|Any CPU
		{81F43A2B-238C-43D1-9D11-621DDD1A7817}.Release|Mixed Platforms.Build.0 = Release|Any CPU
		{81F43A2B-238C-43D1-9D11-621DDD1A7817}.Release|x86.ActiveCfg = Release|Any CPU
		{2C65A993-1EB6-4971-A1EE-B0FCF31AF525}.Debug|Any CPU.ActiveCfg = Debug|Any CPU
		{2C65A993-1EB6-4971-A1EE-B0FCF31AF525}.Debug|Any CPU.Build.0 = Debug|Any CPU
		{2C65A993-1EB6-4971-A1EE-B0FCF31AF525}.Debug|Mixed Platforms.ActiveCfg = Debug|Any CPU
		{2C65A993-1EB6-4971-A1EE-B0FCF31AF525}.Debug|Mixed Platforms.Build.0 = Debug|Any CPU
		{2C65A993-1EB6-4971-A1EE-B0FCF31AF525}.Debug|x86.ActiveCfg = Debug|Any CPU
		{2C65A993-1EB6-4971-A1EE-B0FCF31AF525}.Release|Any CPU.ActiveCfg = Release|Any CPU
		{2C65A993-1EB6-4971-A1EE-B0FCF31AF525}.Release|Any CPU.Build.0 = Release|Any CPU
		{2C65A993-1EB6-4971-A1EE-B0FCF31AF525}.Release|Mixed Platforms.ActiveCfg = Release|Any CPU
		{2C65A993-1EB6-4971-A1EE-B0FCF31AF525}.Release|Mixed Platforms.Build.0 = Release|Any CPU
		{2C65A993-1EB6-4971-A1EE-B0FCF31AF525}.Release|x86.ActiveCfg = Release|Any CPU
		{76ABB71F-3E80-4F1B-850E-6F264881AD39}.Debug|Any CPU.ActiveCfg = Debug|Any CPU
		{76ABB71F-3E80-4F1B-850E-6F264881AD39}.Debug|Any CPU.Build.0 = Debug|Any CPU
		{76ABB71F-3E80-4F1B-850E-6F264881AD39}.Debug|Mixed Platforms.ActiveCfg = Debug|Any CPU
		{76ABB71F-3E80-4F1B-850E-6F264881AD39}.Debug|Mixed Platforms.Build.0 = Debug|Any CPU
		{76ABB71F-3E80-4F1B-850E-6F264881AD39}.Debug|x86.ActiveCfg = Debug|Any CPU
		{76ABB71F-3E80-4F1B-850E-6F264881AD39}.Release|Any CPU.ActiveCfg = Release|Any CPU
		{76ABB71F-3E80-4F1B-850E-6F264881AD39}.Release|Any CPU.Build.0 = Release|Any CPU
		{76ABB71F-3E80-4F1B-850E-6F264881AD39}.Release|Mixed Platforms.ActiveCfg = Release|Any CPU
		{76ABB71F-3E80-4F1B-850E-6F264881AD39}.Release|Mixed Platforms.Build.0 = Release|Any CPU
		{76ABB71F-3E80-4F1B-850E-6F264881AD39}.Release|x86.ActiveCfg = Release|Any CPU
		{76516C56-D010-403B-8429-D8DC88017600}.Debug|Any CPU.ActiveCfg = Debug|Any CPU
		{76516C56-D010-403B-8429-D8DC88017600}.Debug|Any CPU.Build.0 = Debug|Any CPU
		{76516C56-D010-403B-8429-D8DC88017600}.Debug|Mixed Platforms.ActiveCfg = Debug|Any CPU
		{76516C56-D010-403B-8429-D8DC88017600}.Debug|Mixed Platforms.Build.0 = Debug|Any CPU
		{76516C56-D010-403B-8429-D8DC88017600}.Debug|x86.ActiveCfg = Debug|Any CPU
		{76516C56-D010-403B-8429-D8DC88017600}.Release|Any CPU.ActiveCfg = Release|Any CPU
		{76516C56-D010-403B-8429-D8DC88017600}.Release|Any CPU.Build.0 = Release|Any CPU
		{76516C56-D010-403B-8429-D8DC88017600}.Release|Mixed Platforms.ActiveCfg = Release|Any CPU
		{76516C56-D010-403B-8429-D8DC88017600}.Release|Mixed Platforms.Build.0 = Release|Any CPU
		{76516C56-D010-403B-8429-D8DC88017600}.Release|x86.ActiveCfg = Release|Any CPU
		{4F722EA0-3DA3-4587-B100-2BE8DA6DBA82}.Debug|Any CPU.ActiveCfg = Debug|Any CPU
		{4F722EA0-3DA3-4587-B100-2BE8DA6DBA82}.Debug|Any CPU.Build.0 = Debug|Any CPU
		{4F722EA0-3DA3-4587-B100-2BE8DA6DBA82}.Debug|Mixed Platforms.ActiveCfg = Debug|Any CPU
		{4F722EA0-3DA3-4587-B100-2BE8DA6DBA82}.Debug|Mixed Platforms.Build.0 = Debug|Any CPU
		{4F722EA0-3DA3-4587-B100-2BE8DA6DBA82}.Debug|x86.ActiveCfg = Debug|Any CPU
		{4F722EA0-3DA3-4587-B100-2BE8DA6DBA82}.Release|Any CPU.ActiveCfg = Release|Any CPU
		{4F722EA0-3DA3-4587-B100-2BE8DA6DBA82}.Release|Any CPU.Build.0 = Release|Any CPU
		{4F722EA0-3DA3-4587-B100-2BE8DA6DBA82}.Release|Mixed Platforms.ActiveCfg = Release|Any CPU
		{4F722EA0-3DA3-4587-B100-2BE8DA6DBA82}.Release|Mixed Platforms.Build.0 = Release|Any CPU
		{4F722EA0-3DA3-4587-B100-2BE8DA6DBA82}.Release|x86.ActiveCfg = Release|Any CPU
		{8A70C5E5-ADB6-4E91-BD8C-D47532D1A358}.Debug|Any CPU.ActiveCfg = Debug|Any CPU
		{8A70C5E5-ADB6-4E91-BD8C-D47532D1A358}.Debug|Any CPU.Build.0 = Debug|Any CPU
		{8A70C5E5-ADB6-4E91-BD8C-D47532D1A358}.Debug|Mixed Platforms.ActiveCfg = Debug|Any CPU
		{8A70C5E5-ADB6-4E91-BD8C-D47532D1A358}.Debug|Mixed Platforms.Build.0 = Debug|Any CPU
		{8A70C5E5-ADB6-4E91-BD8C-D47532D1A358}.Debug|x86.ActiveCfg = Debug|Any CPU
		{8A70C5E5-ADB6-4E91-BD8C-D47532D1A358}.Release|Any CPU.ActiveCfg = Release|Any CPU
		{8A70C5E5-ADB6-4E91-BD8C-D47532D1A358}.Release|Any CPU.Build.0 = Release|Any CPU
		{8A70C5E5-ADB6-4E91-BD8C-D47532D1A358}.Release|Mixed Platforms.ActiveCfg = Release|Any CPU
		{8A70C5E5-ADB6-4E91-BD8C-D47532D1A358}.Release|Mixed Platforms.Build.0 = Release|Any CPU
		{8A70C5E5-ADB6-4E91-BD8C-D47532D1A358}.Release|x86.ActiveCfg = Release|Any CPU
		{3DDC2707-455A-46F6-850F-4922C10D6C70}.Debug|Any CPU.ActiveCfg = Debug|Any CPU
		{3DDC2707-455A-46F6-850F-4922C10D6C70}.Debug|Any CPU.Build.0 = Debug|Any CPU
		{3DDC2707-455A-46F6-850F-4922C10D6C70}.Debug|Mixed Platforms.ActiveCfg = Debug|Any CPU
		{3DDC2707-455A-46F6-850F-4922C10D6C70}.Debug|Mixed Platforms.Build.0 = Debug|Any CPU
		{3DDC2707-455A-46F6-850F-4922C10D6C70}.Debug|x86.ActiveCfg = Debug|Any CPU
		{3DDC2707-455A-46F6-850F-4922C10D6C70}.Release|Any CPU.ActiveCfg = Release|Any CPU
		{3DDC2707-455A-46F6-850F-4922C10D6C70}.Release|Any CPU.Build.0 = Release|Any CPU
		{3DDC2707-455A-46F6-850F-4922C10D6C70}.Release|Mixed Platforms.ActiveCfg = Release|Any CPU
		{3DDC2707-455A-46F6-850F-4922C10D6C70}.Release|Mixed Platforms.Build.0 = Release|Any CPU
		{3DDC2707-455A-46F6-850F-4922C10D6C70}.Release|x86.ActiveCfg = Release|Any CPU
		{84CABB17-41DA-4A6F-B026-788BEC77D28D}.Debug|Any CPU.ActiveCfg = Debug|Any CPU
		{84CABB17-41DA-4A6F-B026-788BEC77D28D}.Debug|Any CPU.Build.0 = Debug|Any CPU
		{84CABB17-41DA-4A6F-B026-788BEC77D28D}.Debug|Mixed Platforms.ActiveCfg = Debug|Any CPU
		{84CABB17-41DA-4A6F-B026-788BEC77D28D}.Debug|Mixed Platforms.Build.0 = Debug|Any CPU
		{84CABB17-41DA-4A6F-B026-788BEC77D28D}.Debug|x86.ActiveCfg = Debug|Any CPU
		{84CABB17-41DA-4A6F-B026-788BEC77D28D}.Release|Any CPU.ActiveCfg = Release|Any CPU
		{84CABB17-41DA-4A6F-B026-788BEC77D28D}.Release|Any CPU.Build.0 = Release|Any CPU
		{84CABB17-41DA-4A6F-B026-788BEC77D28D}.Release|Mixed Platforms.ActiveCfg = Release|Any CPU
		{84CABB17-41DA-4A6F-B026-788BEC77D28D}.Release|Mixed Platforms.Build.0 = Release|Any CPU
		{84CABB17-41DA-4A6F-B026-788BEC77D28D}.Release|x86.ActiveCfg = Release|Any CPU
		{98C77473-2239-4387-AE6C-A86333E00127}.Debug|Any CPU.ActiveCfg = Debug|Any CPU
		{98C77473-2239-4387-AE6C-A86333E00127}.Debug|Any CPU.Build.0 = Debug|Any CPU
		{98C77473-2239-4387-AE6C-A86333E00127}.Debug|Mixed Platforms.ActiveCfg = Debug|Any CPU
		{98C77473-2239-4387-AE6C-A86333E00127}.Debug|Mixed Platforms.Build.0 = Debug|Any CPU
		{98C77473-2239-4387-AE6C-A86333E00127}.Debug|x86.ActiveCfg = Debug|Any CPU
		{98C77473-2239-4387-AE6C-A86333E00127}.Release|Any CPU.ActiveCfg = Release|Any CPU
		{98C77473-2239-4387-AE6C-A86333E00127}.Release|Any CPU.Build.0 = Release|Any CPU
		{98C77473-2239-4387-AE6C-A86333E00127}.Release|Mixed Platforms.ActiveCfg = Release|Any CPU
		{98C77473-2239-4387-AE6C-A86333E00127}.Release|Mixed Platforms.Build.0 = Release|Any CPU
		{98C77473-2239-4387-AE6C-A86333E00127}.Release|x86.ActiveCfg = Release|Any CPU
		{B25E0D92-9C93-4C3F-9527-26285B9D9FFF}.Debug|Any CPU.ActiveCfg = Debug|Any CPU
		{B25E0D92-9C93-4C3F-9527-26285B9D9FFF}.Debug|Any CPU.Build.0 = Debug|Any CPU
		{B25E0D92-9C93-4C3F-9527-26285B9D9FFF}.Debug|Mixed Platforms.ActiveCfg = Debug|Any CPU
		{B25E0D92-9C93-4C3F-9527-26285B9D9FFF}.Debug|Mixed Platforms.Build.0 = Debug|Any CPU
		{B25E0D92-9C93-4C3F-9527-26285B9D9FFF}.Debug|x86.ActiveCfg = Debug|Any CPU
		{B25E0D92-9C93-4C3F-9527-26285B9D9FFF}.Release|Any CPU.ActiveCfg = Release|Any CPU
		{B25E0D92-9C93-4C3F-9527-26285B9D9FFF}.Release|Any CPU.Build.0 = Release|Any CPU
		{B25E0D92-9C93-4C3F-9527-26285B9D9FFF}.Release|Mixed Platforms.ActiveCfg = Release|Any CPU
		{B25E0D92-9C93-4C3F-9527-26285B9D9FFF}.Release|Mixed Platforms.Build.0 = Release|Any CPU
		{B25E0D92-9C93-4C3F-9527-26285B9D9FFF}.Release|x86.ActiveCfg = Release|Any CPU
		{6DCE0964-3BF0-4185-AC6E-1F8B97908601}.Debug|Any CPU.ActiveCfg = Debug|Any CPU
		{6DCE0964-3BF0-4185-AC6E-1F8B97908601}.Debug|Any CPU.Build.0 = Debug|Any CPU
		{6DCE0964-3BF0-4185-AC6E-1F8B97908601}.Debug|Mixed Platforms.ActiveCfg = Debug|Any CPU
		{6DCE0964-3BF0-4185-AC6E-1F8B97908601}.Debug|Mixed Platforms.Build.0 = Debug|Any CPU
		{6DCE0964-3BF0-4185-AC6E-1F8B97908601}.Debug|x86.ActiveCfg = Debug|Any CPU
		{6DCE0964-3BF0-4185-AC6E-1F8B97908601}.Release|Any CPU.ActiveCfg = Release|Any CPU
		{6DCE0964-3BF0-4185-AC6E-1F8B97908601}.Release|Any CPU.Build.0 = Release|Any CPU
		{6DCE0964-3BF0-4185-AC6E-1F8B97908601}.Release|Mixed Platforms.ActiveCfg = Release|Any CPU
		{6DCE0964-3BF0-4185-AC6E-1F8B97908601}.Release|Mixed Platforms.Build.0 = Release|Any CPU
		{6DCE0964-3BF0-4185-AC6E-1F8B97908601}.Release|x86.ActiveCfg = Release|Any CPU
		{10C175C4-B495-4A2F-96C1-4B4B0F9181BB}.Debug|Any CPU.ActiveCfg = Debug|Any CPU
		{10C175C4-B495-4A2F-96C1-4B4B0F9181BB}.Debug|Any CPU.Build.0 = Debug|Any CPU
		{10C175C4-B495-4A2F-96C1-4B4B0F9181BB}.Debug|Mixed Platforms.ActiveCfg = Debug|Any CPU
		{10C175C4-B495-4A2F-96C1-4B4B0F9181BB}.Debug|Mixed Platforms.Build.0 = Debug|Any CPU
		{10C175C4-B495-4A2F-96C1-4B4B0F9181BB}.Debug|x86.ActiveCfg = Debug|Any CPU
		{10C175C4-B495-4A2F-96C1-4B4B0F9181BB}.Release|Any CPU.ActiveCfg = Release|Any CPU
		{10C175C4-B495-4A2F-96C1-4B4B0F9181BB}.Release|Any CPU.Build.0 = Release|Any CPU
		{10C175C4-B495-4A2F-96C1-4B4B0F9181BB}.Release|Mixed Platforms.ActiveCfg = Release|Any CPU
		{10C175C4-B495-4A2F-96C1-4B4B0F9181BB}.Release|Mixed Platforms.Build.0 = Release|Any CPU
		{10C175C4-B495-4A2F-96C1-4B4B0F9181BB}.Release|x86.ActiveCfg = Release|Any CPU
		{152D7995-8CE2-4EDB-BD22-5349D07F63D8}.Debug|Any CPU.ActiveCfg = Debug|Any CPU
		{152D7995-8CE2-4EDB-BD22-5349D07F63D8}.Debug|Any CPU.Build.0 = Debug|Any CPU
		{152D7995-8CE2-4EDB-BD22-5349D07F63D8}.Debug|Mixed Platforms.ActiveCfg = Debug|Any CPU
		{152D7995-8CE2-4EDB-BD22-5349D07F63D8}.Debug|Mixed Platforms.Build.0 = Debug|Any CPU
		{152D7995-8CE2-4EDB-BD22-5349D07F63D8}.Debug|x86.ActiveCfg = Debug|Any CPU
		{152D7995-8CE2-4EDB-BD22-5349D07F63D8}.Release|Any CPU.ActiveCfg = Release|Any CPU
		{152D7995-8CE2-4EDB-BD22-5349D07F63D8}.Release|Any CPU.Build.0 = Release|Any CPU
		{152D7995-8CE2-4EDB-BD22-5349D07F63D8}.Release|Mixed Platforms.ActiveCfg = Release|Any CPU
		{152D7995-8CE2-4EDB-BD22-5349D07F63D8}.Release|Mixed Platforms.Build.0 = Release|Any CPU
		{152D7995-8CE2-4EDB-BD22-5349D07F63D8}.Release|x86.ActiveCfg = Release|Any CPU
		{EBA606EB-A137-4463-8433-BDA5E1B82B2F}.Debug|Any CPU.ActiveCfg = Debug|Any CPU
		{EBA606EB-A137-4463-8433-BDA5E1B82B2F}.Debug|Any CPU.Build.0 = Debug|Any CPU
		{EBA606EB-A137-4463-8433-BDA5E1B82B2F}.Debug|Mixed Platforms.ActiveCfg = Debug|Any CPU
		{EBA606EB-A137-4463-8433-BDA5E1B82B2F}.Debug|Mixed Platforms.Build.0 = Debug|Any CPU
		{EBA606EB-A137-4463-8433-BDA5E1B82B2F}.Debug|x86.ActiveCfg = Debug|Any CPU
		{EBA606EB-A137-4463-8433-BDA5E1B82B2F}.Release|Any CPU.ActiveCfg = Release|Any CPU
		{EBA606EB-A137-4463-8433-BDA5E1B82B2F}.Release|Any CPU.Build.0 = Release|Any CPU
		{EBA606EB-A137-4463-8433-BDA5E1B82B2F}.Release|Mixed Platforms.ActiveCfg = Release|Any CPU
		{EBA606EB-A137-4463-8433-BDA5E1B82B2F}.Release|Mixed Platforms.Build.0 = Release|Any CPU
		{EBA606EB-A137-4463-8433-BDA5E1B82B2F}.Release|x86.ActiveCfg = Release|Any CPU
		{93B51907-FFFF-4393-8C76-B17DE2D70B80}.Debug|Any CPU.ActiveCfg = Debug|Any CPU
		{93B51907-FFFF-4393-8C76-B17DE2D70B80}.Debug|Any CPU.Build.0 = Debug|Any CPU
		{93B51907-FFFF-4393-8C76-B17DE2D70B80}.Debug|Mixed Platforms.ActiveCfg = Debug|Any CPU
		{93B51907-FFFF-4393-8C76-B17DE2D70B80}.Debug|Mixed Platforms.Build.0 = Debug|Any CPU
		{93B51907-FFFF-4393-8C76-B17DE2D70B80}.Debug|x86.ActiveCfg = Debug|Any CPU
		{93B51907-FFFF-4393-8C76-B17DE2D70B80}.Release|Any CPU.ActiveCfg = Release|Any CPU
		{93B51907-FFFF-4393-8C76-B17DE2D70B80}.Release|Any CPU.Build.0 = Release|Any CPU
		{93B51907-FFFF-4393-8C76-B17DE2D70B80}.Release|Mixed Platforms.ActiveCfg = Release|Any CPU
		{93B51907-FFFF-4393-8C76-B17DE2D70B80}.Release|Mixed Platforms.Build.0 = Release|Any CPU
		{93B51907-FFFF-4393-8C76-B17DE2D70B80}.Release|x86.ActiveCfg = Release|Any CPU
		{F8F9D724-FA0D-4A25-A656-F99AE7C3D6EA}.Debug|Any CPU.ActiveCfg = Debug|Any CPU
		{F8F9D724-FA0D-4A25-A656-F99AE7C3D6EA}.Debug|Any CPU.Build.0 = Debug|Any CPU
		{F8F9D724-FA0D-4A25-A656-F99AE7C3D6EA}.Debug|Mixed Platforms.ActiveCfg = Debug|Any CPU
		{F8F9D724-FA0D-4A25-A656-F99AE7C3D6EA}.Debug|Mixed Platforms.Build.0 = Debug|Any CPU
		{F8F9D724-FA0D-4A25-A656-F99AE7C3D6EA}.Debug|x86.ActiveCfg = Debug|Any CPU
		{F8F9D724-FA0D-4A25-A656-F99AE7C3D6EA}.Release|Any CPU.ActiveCfg = Release|Any CPU
		{F8F9D724-FA0D-4A25-A656-F99AE7C3D6EA}.Release|Any CPU.Build.0 = Release|Any CPU
		{F8F9D724-FA0D-4A25-A656-F99AE7C3D6EA}.Release|Mixed Platforms.ActiveCfg = Release|Any CPU
		{F8F9D724-FA0D-4A25-A656-F99AE7C3D6EA}.Release|Mixed Platforms.Build.0 = Release|Any CPU
		{F8F9D724-FA0D-4A25-A656-F99AE7C3D6EA}.Release|x86.ActiveCfg = Release|Any CPU
		{D772AAFB-A54B-44D5-86B1-D7D78E83B341}.Debug|Any CPU.ActiveCfg = Debug|Any CPU
		{D772AAFB-A54B-44D5-86B1-D7D78E83B341}.Debug|Any CPU.Build.0 = Debug|Any CPU
		{D772AAFB-A54B-44D5-86B1-D7D78E83B341}.Debug|Mixed Platforms.ActiveCfg = Debug|Any CPU
		{D772AAFB-A54B-44D5-86B1-D7D78E83B341}.Debug|Mixed Platforms.Build.0 = Debug|Any CPU
		{D772AAFB-A54B-44D5-86B1-D7D78E83B341}.Debug|x86.ActiveCfg = Debug|Any CPU
		{D772AAFB-A54B-44D5-86B1-D7D78E83B341}.Release|Any CPU.ActiveCfg = Release|Any CPU
		{D772AAFB-A54B-44D5-86B1-D7D78E83B341}.Release|Any CPU.Build.0 = Release|Any CPU
		{D772AAFB-A54B-44D5-86B1-D7D78E83B341}.Release|Mixed Platforms.ActiveCfg = Release|Any CPU
		{D772AAFB-A54B-44D5-86B1-D7D78E83B341}.Release|Mixed Platforms.Build.0 = Release|Any CPU
		{D772AAFB-A54B-44D5-86B1-D7D78E83B341}.Release|x86.ActiveCfg = Release|Any CPU
	EndGlobalSection
	GlobalSection(SolutionProperties) = preSolution
		HideSolutionNode = FALSE
	EndGlobalSection
	GlobalSection(NestedProjects) = preSolution
		{29FBE3C3-4CB4-4625-8AA7-C748E1F0D2BA} = {71E6E108-5645-45D1-B128-E6225253924D}
		{FD018C10-D36C-4C40-8403-07D1F0CCA328} = {71E6E108-5645-45D1-B128-E6225253924D}
		{428EAAAC-67EB-4385-A134-20E7D41CC3BE} = {71E6E108-5645-45D1-B128-E6225253924D}
		{BC652FC8-4F9B-4E6F-86CE-1196D8D37B09} = {71E6E108-5645-45D1-B128-E6225253924D}
		{D50161E6-44C7-4527-825F-9EC3755ED2BD} = {71E6E108-5645-45D1-B128-E6225253924D}
		{730BBC21-8495-4825-988B-FCF4D2AE5742} = {71E6E108-5645-45D1-B128-E6225253924D}
		{81F43A2B-238C-43D1-9D11-621DDD1A7817} = {71E6E108-5645-45D1-B128-E6225253924D}
		{2C65A993-1EB6-4971-A1EE-B0FCF31AF525} = {71E6E108-5645-45D1-B128-E6225253924D}
		{76ABB71F-3E80-4F1B-850E-6F264881AD39} = {71E6E108-5645-45D1-B128-E6225253924D}
		{4F722EA0-3DA3-4587-B100-2BE8DA6DBA82} = {71E6E108-5645-45D1-B128-E6225253924D}
		{3DDC2707-455A-46F6-850F-4922C10D6C70} = {71E6E108-5645-45D1-B128-E6225253924D}
		{98C77473-2239-4387-AE6C-A86333E00127} = {71E6E108-5645-45D1-B128-E6225253924D}
		{10C175C4-B495-4A2F-96C1-4B4B0F9181BB} = {71E6E108-5645-45D1-B128-E6225253924D}
		{8A70C5E5-ADB6-4E91-BD8C-D47532D1A358} = {B905E6D5-9624-4052-9DC7-FABDC58EA5D1}
		{EBA606EB-A137-4463-8433-BDA5E1B82B2F} = {B905E6D5-9624-4052-9DC7-FABDC58EA5D1}
		{93B51907-FFFF-4393-8C76-B17DE2D70B80} = {B905E6D5-9624-4052-9DC7-FABDC58EA5D1}
		{D772AAFB-A54B-44D5-86B1-D7D78E83B341} = {B905E6D5-9624-4052-9DC7-FABDC58EA5D1}
		{85A04371-B382-4DCE-A173-7BEF7960BD19} = {2EA3D337-D73D-4470-85E2-9AD037F202D6}
		{152D7995-8CE2-4EDB-BD22-5349D07F63D8} = {27DBE0D3-F97E-4D76-8F93-B8F030F69A4C}
	EndGlobalSection
EndGlobal
